<?xml version="1.0" encoding="utf-8"?>
<Project ToolsVersion="4.0" xmlns="http://schemas.microsoft.com/developer/msbuild/2003">
  <ItemGroup>
    <Filter Include="Source Files">
      <UniqueIdentifier>{4FC737F1-C7A5-4376-A066-2A32D752A2FF}</UniqueIdentifier>
      <Extensions>cpp;c;cc;cxx;c++;cppm;ixx;def;odl;idl;hpj;bat;asm;asmx</Extensions>
    </Filter>
    <Filter Include="Header Files">
      <UniqueIdentifier>{93995380-89BD-4b04-88EB-625FBE52EBFB}</UniqueIdentifier>
      <Extensions>h;hh;hpp;hxx;h++;hm;inl;inc;ipp;xsd</Extensions>
    </Filter>
    <Filter Include="Resource Files">
      <UniqueIdentifier>{67DA6AB6-F800-4c08-8B7A-83BB121AAD01}</UniqueIdentifier>
      <Extensions>rc;ico;cur;bmp;dlg;rc2;rct;bin;rgs;gif;jpg;jpeg;jpe;resx;tiff;tif;png;wav;mfcribbon-ms</Extensions>
    </Filter>
    <Filter Include="Header Files\CardSystem">
      <UniqueIdentifier>{192bb99d-e57f-44e7-b978-44fc04f53451}</UniqueIdentifier>
    </Filter>
    <Filter Include="Source Files\CardSystem">
      <UniqueIdentifier>{08b86e96-e916-47ea-9e4a-d5cb89dd410b}</UniqueIdentifier>
    </Filter>
    <Filter Include="Source Files\Entities">
      <UniqueIdentifier>{fd5d15f1-9d5d-4a5e-95cf-aac12a9853a9}</UniqueIdentifier>
    </Filter>
    <Filter Include="Header Files\Entities">
      <UniqueIdentifier>{2503461c-7825-4fe3-a450-f67dea3691b7}</UniqueIdentifier>
    </Filter>
  </ItemGroup>
  <ItemGroup>
    <ClCompile Include="main.cpp">
      <Filter>Source Files</Filter>
    </ClCompile>
    <ClCompile Include="Game.cpp">
      <Filter>Source Files</Filter>
    </ClCompile>
    <ClCompile Include="CardInfo.cpp">
      <Filter>Source Files\CardSystem</Filter>
    </ClCompile>
    <ClCompile Include="DamageCard.cpp">
      <Filter>Source Files\CardSystem</Filter>
    </ClCompile>
    <ClCompile Include="Combat.cpp">
      <Filter>Source Files\Entities</Filter>
    </ClCompile>
    <ClCompile Include="Enemy.cpp">
      <Filter>Source Files\Entities</Filter>
    </ClCompile>
    <ClCompile Include="Entity.cpp">
      <Filter>Source Files\Entities</Filter>
    </ClCompile>
    <ClCompile Include="Player.cpp">
      <Filter>Source Files\Entities</Filter>
    </ClCompile>
    <ClCompile Include="HealCard.cpp">
      <Filter>Source Files\CardSystem</Filter>
    </ClCompile>
    <ClCompile Include="SingleCombatant.cpp">
      <Filter>Source Files\CardSystem</Filter>
    </ClCompile>
    <ClCompile Include="DeckManager.cpp">
      <Filter>Source Files\CardSystem</Filter>
    </ClCompile>
    <ClCompile Include="Button.cpp">
      <Filter>Source Files\Entities</Filter>
    </ClCompile>
  </ItemGroup>
  <ItemGroup>
    <ClInclude Include="Game.h">
      <Filter>Header Files</Filter>
    </ClInclude>
    <ClInclude Include="ICard.h">
      <Filter>Header Files\CardSystem</Filter>
    </ClInclude>
    <ClInclude Include="ITarget.h">
      <Filter>Header Files\CardSystem</Filter>
    </ClInclude>
    <ClInclude Include="DamageCard.h">
      <Filter>Header Files\CardSystem</Filter>
    </ClInclude>
    <ClInclude Include="CardInfo.h">
      <Filter>Header Files\CardSystem</Filter>
    </ClInclude>
    <ClInclude Include="Combat.h">
      <Filter>Header Files\Entities</Filter>
    </ClInclude>
    <ClInclude Include="Enemy.h">
      <Filter>Header Files\Entities</Filter>
    </ClInclude>
    <ClInclude Include="Player.h">
      <Filter>Header Files\Entities</Filter>
    </ClInclude>
    <ClInclude Include="Entity.h">
      <Filter>Header Files\Entities</Filter>
    </ClInclude>
    <ClInclude Include="SingleCombatant.h">
      <Filter>Header Files\CardSystem</Filter>
    </ClInclude>
    <ClInclude Include="HealCard.h">
      <Filter>Header Files\CardSystem</Filter>
    </ClInclude>
    <ClInclude Include="LinkedList.h">
      <Filter>Header Files</Filter>
    </ClInclude>
    <ClInclude Include="DeckManager.h">
      <Filter>Header Files\CardSystem</Filter>
    </ClInclude>
    <ClInclude Include="Button.h">
      <Filter>Header Files\Entities</Filter>
    </ClInclude>
  </ItemGroup>
</Project>